{
  "name": "asp.net",
  "version": "1.0.0",
  "lockfileVersion": 1,
  "requires": true,
  "dependencies": {
    "entity-signal": {
      "version": "1.0.7",
      "resolved": "https://registry.npmjs.org/entity-signal/-/entity-signal-1.0.7.tgz",
      "integrity": "sha512-dwSGj5yQ0neTzYNFGa/qxHABtQj9YnUcZ3DAlGNAjKXZLhrdowsm3P5F9dVbkEtI4V7yOS1Qz+qPNu0SuA593g==",
      "dev": true
    },
    "ng-entity-signal": {
      "version": "1.0.7",
      "resolved": "https://registry.npmjs.org/ng-entity-signal/-/ng-entity-signal-1.0.7.tgz",
      "integrity": "sha512-UCOp/sjL/mMAjeajnK+oQlhYVPvHsiIL80qio6ktu44HtRpybyL2hKD9zt2jWmwZuf2sg/ElIYiCH6pHVEaiUw==",
      "dev": true
    }
  }
}
